// !$*UTF8*$!
{
	archiveVersion = 1;
	classes = {
	};
	objectVersion = 50;
	objects = {

/* Begin PBXBuildFile section */
		4C12C45625FABCAC009F6486 /* CloudKit.framework in Frameworks */ = {isa = PBXBuildFile; fileRef = 4C12C45525FABCAC009F6486 /* CloudKit.framework */; };
		4C14167625F09FC700512635 /* CategoryPickerView.swift in Sources */ = {isa = PBXBuildFile; fileRef = 4C14167525F09FC700512635 /* CategoryPickerView.swift */; };
		4C1DE30E25F850AB00A179AC /* ExistingIngredientView.swift in Sources */ = {isa = PBXBuildFile; fileRef = 4C1DE30D25F850AB00A179AC /* ExistingIngredientView.swift */; };
		4C29968125F18BD80000E5EE /* AddEditRecipeView.swift in Sources */ = {isa = PBXBuildFile; fileRef = 4C29968025F18BD80000E5EE /* AddEditRecipeView.swift */; };
		4C3B480225EBFC69001D2098 /* DisclosureGroup.swift in Sources */ = {isa = PBXBuildFile; fileRef = 4C3B480125EBFC69001D2098 /* DisclosureGroup.swift */; };
		4C3B480D25EC0CE6001D2098 /* MenuButton.swift in Sources */ = {isa = PBXBuildFile; fileRef = 4C3B480C25EC0CE6001D2098 /* MenuButton.swift */; };
		4C3B481125EC1003001D2098 /* RootView.swift in Sources */ = {isa = PBXBuildFile; fileRef = 4C3B481025EC1003001D2098 /* RootView.swift */; };
		4C3F326D25FBEAAA007720DF /* CloudKitManager.swift in Sources */ = {isa = PBXBuildFile; fileRef = 4C3F326C25FBEAAA007720DF /* CloudKitManager.swift */; };
		4C62E59E25FD915B00D58DCF /* TestDiscovery.swift in Sources */ = {isa = PBXBuildFile; fileRef = 4C62E59D25FD915B00D58DCF /* TestDiscovery.swift */; };
		4C63008425EB3B060054AFE7 /* FoodManChuApp.swift in Sources */ = {isa = PBXBuildFile; fileRef = 4C63008325EB3B060054AFE7 /* FoodManChuApp.swift */; };
		4C63008825EB3B060054AFE7 /* Assets.xcassets in Resources */ = {isa = PBXBuildFile; fileRef = 4C63008725EB3B060054AFE7 /* Assets.xcassets */; };
		4C63008B25EB3B060054AFE7 /* Preview Assets.xcassets in Resources */ = {isa = PBXBuildFile; fileRef = 4C63008A25EB3B060054AFE7 /* Preview Assets.xcassets */; };
		4C63009425EB46E40054AFE7 /* RecipeView.swift in Sources */ = {isa = PBXBuildFile; fileRef = 4C63009325EB46E40054AFE7 /* RecipeView.swift */; };
		4C63009F25EB49620054AFE7 /* Typo_Round_Italic_Demo.otf in Resources */ = {isa = PBXBuildFile; fileRef = 4C63009725EB49620054AFE7 /* Typo_Round_Italic_Demo.otf */; };
		4C6300A025EB49620054AFE7 /* Typo_Round_Regular_Demo.otf in Resources */ = {isa = PBXBuildFile; fileRef = 4C63009825EB49620054AFE7 /* Typo_Round_Regular_Demo.otf */; };
		4C6300A125EB49620054AFE7 /* Typo_Round_Light_Italic_Demo.otf in Resources */ = {isa = PBXBuildFile; fileRef = 4C63009925EB49620054AFE7 /* Typo_Round_Light_Italic_Demo.otf */; };
		4C6300A225EB49620054AFE7 /* Typo_Round_Thin_Demo.otf in Resources */ = {isa = PBXBuildFile; fileRef = 4C63009A25EB49620054AFE7 /* Typo_Round_Thin_Demo.otf */; };
		4C6300A325EB49620054AFE7 /* Typo_Round_Thin_Italic Demo.otf in Resources */ = {isa = PBXBuildFile; fileRef = 4C63009B25EB49620054AFE7 /* Typo_Round_Thin_Italic Demo.otf */; };
		4C6300A425EB49620054AFE7 /* Typo_Round_Light_Demo.otf in Resources */ = {isa = PBXBuildFile; fileRef = 4C63009C25EB49620054AFE7 /* Typo_Round_Light_Demo.otf */; };
		4C6300A525EB49620054AFE7 /* Typo_Round_Bold_Demo.otf in Resources */ = {isa = PBXBuildFile; fileRef = 4C63009D25EB49620054AFE7 /* Typo_Round_Bold_Demo.otf */; };
		4C6300A625EB49620054AFE7 /* Typo_Round_Bold_Italic_Demo.otf in Resources */ = {isa = PBXBuildFile; fileRef = 4C63009E25EB49620054AFE7 /* Typo_Round_Bold_Italic_Demo.otf */; };
		4C6300AF25EB50B50054AFE7 /* FloatingTabBar.swift in Sources */ = {isa = PBXBuildFile; fileRef = 4C6300AE25EB50B50054AFE7 /* FloatingTabBar.swift */; };
		4C6300B225EB65130054AFE7 /* MenuContent.swift in Sources */ = {isa = PBXBuildFile; fileRef = 4C6300B125EB65130054AFE7 /* MenuContent.swift */; };
		4C6300B625EB671A0054AFE7 /* Menu.swift in Sources */ = {isa = PBXBuildFile; fileRef = 4C6300B525EB671A0054AFE7 /* Menu.swift */; };
		4C70CC9125FFF47800D28150 /* Comfortaa-Light.ttf in Resources */ = {isa = PBXBuildFile; fileRef = 4C70CC8C25FFF47800D28150 /* Comfortaa-Light.ttf */; };
		4C70CC9225FFF47800D28150 /* Comfortaa-Medium.ttf in Resources */ = {isa = PBXBuildFile; fileRef = 4C70CC8D25FFF47800D28150 /* Comfortaa-Medium.ttf */; };
		4C70CC9325FFF47800D28150 /* Comfortaa-Bold.ttf in Resources */ = {isa = PBXBuildFile; fileRef = 4C70CC8E25FFF47800D28150 /* Comfortaa-Bold.ttf */; };
		4C70CC9425FFF47800D28150 /* Comfortaa-Regular.ttf in Resources */ = {isa = PBXBuildFile; fileRef = 4C70CC8F25FFF47800D28150 /* Comfortaa-Regular.ttf */; };
		4C70CC9525FFF47800D28150 /* Comfortaa-SemiBold.ttf in Resources */ = {isa = PBXBuildFile; fileRef = 4C70CC9025FFF47800D28150 /* Comfortaa-SemiBold.ttf */; };
		4C70CC9C25FFFA0600D28150 /* BalooTamma2-Regular.ttf in Resources */ = {isa = PBXBuildFile; fileRef = 4C70CC9725FFFA0600D28150 /* BalooTamma2-Regular.ttf */; };
		4C70CC9D25FFFA0600D28150 /* BalooTamma2-Medium.ttf in Resources */ = {isa = PBXBuildFile; fileRef = 4C70CC9825FFFA0600D28150 /* BalooTamma2-Medium.ttf */; };
		4C70CC9E25FFFA0600D28150 /* BalooTamma2-Bold.ttf in Resources */ = {isa = PBXBuildFile; fileRef = 4C70CC9925FFFA0600D28150 /* BalooTamma2-Bold.ttf */; };
		4C70CC9F25FFFA0600D28150 /* BalooTamma2-ExtraBold.ttf in Resources */ = {isa = PBXBuildFile; fileRef = 4C70CC9A25FFFA0600D28150 /* BalooTamma2-ExtraBold.ttf */; };
		4C70CCA025FFFA0600D28150 /* BalooTamma2-SemiBold.ttf in Resources */ = {isa = PBXBuildFile; fileRef = 4C70CC9B25FFFA0600D28150 /* BalooTamma2-SemiBold.ttf */; };
		4C70CCA526000B1200D28150 /* DetailViewTest.swift in Sources */ = {isa = PBXBuildFile; fileRef = 4C70CCA426000B1200D28150 /* DetailViewTest.swift */; };
		4C717AFB25F5C51800657207 /* UINavigationController.swift in Sources */ = {isa = PBXBuildFile; fileRef = 4C717AFA25F5C51800657207 /* UINavigationController.swift */; };
		4C79B7DE25EEDB1C0074B424 /* CustomSegmentedControl.swift in Sources */ = {isa = PBXBuildFile; fileRef = 4C79B7DD25EEDB1C0074B424 /* CustomSegmentedControl.swift */; };
		4C79B7E125EF21850074B424 /* NavBarWithSearchBar.swift in Sources */ = {isa = PBXBuildFile; fileRef = 4C79B7E025EF21850074B424 /* NavBarWithSearchBar.swift */; };
		4C79B7E425EF379F0074B424 /* CustomNavBarWithSearch.swift in Sources */ = {isa = PBXBuildFile; fileRef = 4C79B7E325EF379F0074B424 /* CustomNavBarWithSearch.swift */; };
		4C85407125ED78B60022B3AA /* PopOverButton.swift in Sources */ = {isa = PBXBuildFile; fileRef = 4C85407025ED78B60022B3AA /* PopOverButton.swift */; };
		4C85407525ED806A0022B3AA /* HoveringButtonWithMenu.swift in Sources */ = {isa = PBXBuildFile; fileRef = 4C85407425ED806A0022B3AA /* HoveringButtonWithMenu.swift */; };
		4C85409825ED9FC10022B3AA /* CustomModalView.swift in Sources */ = {isa = PBXBuildFile; fileRef = 4C85409725ED9FC10022B3AA /* CustomModalView.swift */; };
		4C85409B25EDF3DF0022B3AA /* ModalManager.swift in Sources */ = {isa = PBXBuildFile; fileRef = 4C85409A25EDF3DF0022B3AA /* ModalManager.swift */; };
		4CAD685D25F9CFA30063E3DF /* Discover.swift in Sources */ = {isa = PBXBuildFile; fileRef = 4CAD685C25F9CFA30063E3DF /* Discover.swift */; };
		4CAD686025F9DA160063E3DF /* DiscoverMoreView.swift in Sources */ = {isa = PBXBuildFile; fileRef = 4CAD685F25F9DA160063E3DF /* DiscoverMoreView.swift */; };
		4CCEA4CC25EC811200490553 /* SearchBar.swift in Sources */ = {isa = PBXBuildFile; fileRef = 4CCEA4CB25EC811200490553 /* SearchBar.swift */; };
		4CCEA4CF25EC960500490553 /* NavigationBarWithExpandingSearchBar.swift in Sources */ = {isa = PBXBuildFile; fileRef = 4CCEA4CE25EC960500490553 /* NavigationBarWithExpandingSearchBar.swift */; };
		4CCEA4DB25ECB00D00490553 /* RecipeDetailView.swift in Sources */ = {isa = PBXBuildFile; fileRef = 4CCEA4DA25ECB00D00490553 /* RecipeDetailView.swift */; };
		4CCEA4E025ECBD8700490553 /* CategoriesView.swift in Sources */ = {isa = PBXBuildFile; fileRef = 4CCEA4DF25ECBD8700490553 /* CategoriesView.swift */; };
		4CD174E225F2A7B3009751C0 /* RecipesBookView.swift in Sources */ = {isa = PBXBuildFile; fileRef = 4CD174E125F2A7B3009751C0 /* RecipesBookView.swift */; };
		4CD174E625F2ADE0009751C0 /* Contacts.swift in Sources */ = {isa = PBXBuildFile; fileRef = 4CD174E525F2ADE0009751C0 /* Contacts.swift */; };
		4CD174ED25F2D07D009751C0 /* Main.xcdatamodeld in Sources */ = {isa = PBXBuildFile; fileRef = 4CD174EB25F2D07D009751C0 /* Main.xcdatamodeld */; };
		4CD174F125F2D193009751C0 /* PersistenceController.swift in Sources */ = {isa = PBXBuildFile; fileRef = 4CD174F025F2D193009751C0 /* PersistenceController.swift */; };
/* End PBXBuildFile section */

/* Begin PBXFileReference section */
		4C12C45225FABC96009F6486 /* FoodManChu.entitlements */ = {isa = PBXFileReference; lastKnownFileType = text.plist.entitlements; path = FoodManChu.entitlements; sourceTree = "<group>"; };
		4C12C45525FABCAC009F6486 /* CloudKit.framework */ = {isa = PBXFileReference; lastKnownFileType = wrapper.framework; name = CloudKit.framework; path = System/Library/Frameworks/CloudKit.framework; sourceTree = SDKROOT; };
		4C14167525F09FC700512635 /* CategoryPickerView.swift */ = {isa = PBXFileReference; lastKnownFileType = sourcecode.swift; path = CategoryPickerView.swift; sourceTree = "<group>"; };
		4C1DE30D25F850AB00A179AC /* ExistingIngredientView.swift */ = {isa = PBXFileReference; lastKnownFileType = sourcecode.swift; path = ExistingIngredientView.swift; sourceTree = "<group>"; };
		4C29968025F18BD80000E5EE /* AddEditRecipeView.swift */ = {isa = PBXFileReference; lastKnownFileType = sourcecode.swift; path = AddEditRecipeView.swift; sourceTree = "<group>"; };
		4C3B480125EBFC69001D2098 /* DisclosureGroup.swift */ = {isa = PBXFileReference; lastKnownFileType = sourcecode.swift; path = DisclosureGroup.swift; sourceTree = "<group>"; };
		4C3B480C25EC0CE6001D2098 /* MenuButton.swift */ = {isa = PBXFileReference; lastKnownFileType = sourcecode.swift; path = MenuButton.swift; sourceTree = "<group>"; };
		4C3B481025EC1003001D2098 /* RootView.swift */ = {isa = PBXFileReference; lastKnownFileType = sourcecode.swift; path = RootView.swift; sourceTree = "<group>"; };
		4C3F326C25FBEAAA007720DF /* CloudKitManager.swift */ = {isa = PBXFileReference; lastKnownFileType = sourcecode.swift; path = CloudKitManager.swift; sourceTree = "<group>"; };
		4C62E59D25FD915B00D58DCF /* TestDiscovery.swift */ = {isa = PBXFileReference; lastKnownFileType = sourcecode.swift; path = TestDiscovery.swift; sourceTree = "<group>"; };
		4C63008025EB3B060054AFE7 /* FoodManChu.app */ = {isa = PBXFileReference; explicitFileType = wrapper.application; includeInIndex = 0; path = FoodManChu.app; sourceTree = BUILT_PRODUCTS_DIR; };
		4C63008325EB3B060054AFE7 /* FoodManChuApp.swift */ = {isa = PBXFileReference; lastKnownFileType = sourcecode.swift; path = FoodManChuApp.swift; sourceTree = "<group>"; };
		4C63008725EB3B060054AFE7 /* Assets.xcassets */ = {isa = PBXFileReference; lastKnownFileType = folder.assetcatalog; path = Assets.xcassets; sourceTree = "<group>"; };
		4C63008A25EB3B060054AFE7 /* Preview Assets.xcassets */ = {isa = PBXFileReference; lastKnownFileType = folder.assetcatalog; path = "Preview Assets.xcassets"; sourceTree = "<group>"; };
		4C63008C25EB3B060054AFE7 /* Info.plist */ = {isa = PBXFileReference; lastKnownFileType = text.plist.xml; path = Info.plist; sourceTree = "<group>"; };
		4C63009325EB46E40054AFE7 /* RecipeView.swift */ = {isa = PBXFileReference; lastKnownFileType = sourcecode.swift; path = RecipeView.swift; sourceTree = "<group>"; };
		4C63009725EB49620054AFE7 /* Typo_Round_Italic_Demo.otf */ = {isa = PBXFileReference; lastKnownFileType = file; path = Typo_Round_Italic_Demo.otf; sourceTree = "<group>"; };
		4C63009825EB49620054AFE7 /* Typo_Round_Regular_Demo.otf */ = {isa = PBXFileReference; lastKnownFileType = file; path = Typo_Round_Regular_Demo.otf; sourceTree = "<group>"; };
		4C63009925EB49620054AFE7 /* Typo_Round_Light_Italic_Demo.otf */ = {isa = PBXFileReference; lastKnownFileType = file; path = Typo_Round_Light_Italic_Demo.otf; sourceTree = "<group>"; };
		4C63009A25EB49620054AFE7 /* Typo_Round_Thin_Demo.otf */ = {isa = PBXFileReference; lastKnownFileType = file; path = Typo_Round_Thin_Demo.otf; sourceTree = "<group>"; };
		4C63009B25EB49620054AFE7 /* Typo_Round_Thin_Italic Demo.otf */ = {isa = PBXFileReference; lastKnownFileType = file; path = "Typo_Round_Thin_Italic Demo.otf"; sourceTree = "<group>"; };
		4C63009C25EB49620054AFE7 /* Typo_Round_Light_Demo.otf */ = {isa = PBXFileReference; lastKnownFileType = file; path = Typo_Round_Light_Demo.otf; sourceTree = "<group>"; };
		4C63009D25EB49620054AFE7 /* Typo_Round_Bold_Demo.otf */ = {isa = PBXFileReference; lastKnownFileType = file; path = Typo_Round_Bold_Demo.otf; sourceTree = "<group>"; };
		4C63009E25EB49620054AFE7 /* Typo_Round_Bold_Italic_Demo.otf */ = {isa = PBXFileReference; lastKnownFileType = file; path = Typo_Round_Bold_Italic_Demo.otf; sourceTree = "<group>"; };
		4C6300AE25EB50B50054AFE7 /* FloatingTabBar.swift */ = {isa = PBXFileReference; lastKnownFileType = sourcecode.swift; path = FloatingTabBar.swift; sourceTree = "<group>"; };
		4C6300B125EB65130054AFE7 /* MenuContent.swift */ = {isa = PBXFileReference; lastKnownFileType = sourcecode.swift; path = MenuContent.swift; sourceTree = "<group>"; };
		4C6300B525EB671A0054AFE7 /* Menu.swift */ = {isa = PBXFileReference; lastKnownFileType = sourcecode.swift; path = Menu.swift; sourceTree = "<group>"; };
		4C70CC8C25FFF47800D28150 /* Comfortaa-Light.ttf */ = {isa = PBXFileReference; lastKnownFileType = file; path = "Comfortaa-Light.ttf"; sourceTree = "<group>"; };
		4C70CC8D25FFF47800D28150 /* Comfortaa-Medium.ttf */ = {isa = PBXFileReference; lastKnownFileType = file; path = "Comfortaa-Medium.ttf"; sourceTree = "<group>"; };
		4C70CC8E25FFF47800D28150 /* Comfortaa-Bold.ttf */ = {isa = PBXFileReference; lastKnownFileType = file; path = "Comfortaa-Bold.ttf"; sourceTree = "<group>"; };
		4C70CC8F25FFF47800D28150 /* Comfortaa-Regular.ttf */ = {isa = PBXFileReference; lastKnownFileType = file; path = "Comfortaa-Regular.ttf"; sourceTree = "<group>"; };
		4C70CC9025FFF47800D28150 /* Comfortaa-SemiBold.ttf */ = {isa = PBXFileReference; lastKnownFileType = file; path = "Comfortaa-SemiBold.ttf"; sourceTree = "<group>"; };
		4C70CC9725FFFA0600D28150 /* BalooTamma2-Regular.ttf */ = {isa = PBXFileReference; lastKnownFileType = file; path = "BalooTamma2-Regular.ttf"; sourceTree = "<group>"; };
		4C70CC9825FFFA0600D28150 /* BalooTamma2-Medium.ttf */ = {isa = PBXFileReference; lastKnownFileType = file; path = "BalooTamma2-Medium.ttf"; sourceTree = "<group>"; };
		4C70CC9925FFFA0600D28150 /* BalooTamma2-Bold.ttf */ = {isa = PBXFileReference; lastKnownFileType = file; path = "BalooTamma2-Bold.ttf"; sourceTree = "<group>"; };
		4C70CC9A25FFFA0600D28150 /* BalooTamma2-ExtraBold.ttf */ = {isa = PBXFileReference; lastKnownFileType = file; path = "BalooTamma2-ExtraBold.ttf"; sourceTree = "<group>"; };
		4C70CC9B25FFFA0600D28150 /* BalooTamma2-SemiBold.ttf */ = {isa = PBXFileReference; lastKnownFileType = file; path = "BalooTamma2-SemiBold.ttf"; sourceTree = "<group>"; };
		4C70CCA426000B1200D28150 /* DetailViewTest.swift */ = {isa = PBXFileReference; lastKnownFileType = sourcecode.swift; path = DetailViewTest.swift; sourceTree = "<group>"; };
		4C717AFA25F5C51800657207 /* UINavigationController.swift */ = {isa = PBXFileReference; lastKnownFileType = sourcecode.swift; path = UINavigationController.swift; sourceTree = "<group>"; };
		4C79B7DD25EEDB1C0074B424 /* CustomSegmentedControl.swift */ = {isa = PBXFileReference; lastKnownFileType = sourcecode.swift; path = CustomSegmentedControl.swift; sourceTree = "<group>"; };
		4C79B7E025EF21850074B424 /* NavBarWithSearchBar.swift */ = {isa = PBXFileReference; lastKnownFileType = sourcecode.swift; path = NavBarWithSearchBar.swift; sourceTree = "<group>"; };
		4C79B7E325EF379F0074B424 /* CustomNavBarWithSearch.swift */ = {isa = PBXFileReference; lastKnownFileType = sourcecode.swift; path = CustomNavBarWithSearch.swift; sourceTree = "<group>"; };
		4C85407025ED78B60022B3AA /* PopOverButton.swift */ = {isa = PBXFileReference; lastKnownFileType = sourcecode.swift; path = PopOverButton.swift; sourceTree = "<group>"; };
		4C85407425ED806A0022B3AA /* HoveringButtonWithMenu.swift */ = {isa = PBXFileReference; lastKnownFileType = sourcecode.swift; path = HoveringButtonWithMenu.swift; sourceTree = "<group>"; };
		4C85409725ED9FC10022B3AA /* CustomModalView.swift */ = {isa = PBXFileReference; lastKnownFileType = sourcecode.swift; path = CustomModalView.swift; sourceTree = "<group>"; };
		4C85409A25EDF3DF0022B3AA /* ModalManager.swift */ = {isa = PBXFileReference; lastKnownFileType = sourcecode.swift; path = ModalManager.swift; sourceTree = "<group>"; };
		4CAD685C25F9CFA30063E3DF /* Discover.swift */ = {isa = PBXFileReference; lastKnownFileType = sourcecode.swift; path = Discover.swift; sourceTree = "<group>"; };
		4CAD685F25F9DA160063E3DF /* DiscoverMoreView.swift */ = {isa = PBXFileReference; lastKnownFileType = sourcecode.swift; path = DiscoverMoreView.swift; sourceTree = "<group>"; };
		4CCEA4CB25EC811200490553 /* SearchBar.swift */ = {isa = PBXFileReference; lastKnownFileType = sourcecode.swift; path = SearchBar.swift; sourceTree = "<group>"; };
		4CCEA4CE25EC960500490553 /* NavigationBarWithExpandingSearchBar.swift */ = {isa = PBXFileReference; lastKnownFileType = sourcecode.swift; path = NavigationBarWithExpandingSearchBar.swift; sourceTree = "<group>"; };
		4CCEA4DA25ECB00D00490553 /* RecipeDetailView.swift */ = {isa = PBXFileReference; lastKnownFileType = sourcecode.swift; path = RecipeDetailView.swift; sourceTree = "<group>"; };
		4CCEA4DF25ECBD8700490553 /* CategoriesView.swift */ = {isa = PBXFileReference; lastKnownFileType = sourcecode.swift; path = CategoriesView.swift; sourceTree = "<group>"; };
		4CD174E125F2A7B3009751C0 /* RecipesBookView.swift */ = {isa = PBXFileReference; lastKnownFileType = sourcecode.swift; path = RecipesBookView.swift; sourceTree = "<group>"; };
		4CD174E525F2ADE0009751C0 /* Contacts.swift */ = {isa = PBXFileReference; lastKnownFileType = sourcecode.swift; path = Contacts.swift; sourceTree = "<group>"; };
		4CD174EC25F2D07D009751C0 /* Main.xcdatamodel */ = {isa = PBXFileReference; lastKnownFileType = wrapper.xcdatamodel; path = Main.xcdatamodel; sourceTree = "<group>"; };
		4CD174F025F2D193009751C0 /* PersistenceController.swift */ = {isa = PBXFileReference; lastKnownFileType = sourcecode.swift; path = PersistenceController.swift; sourceTree = "<group>"; };
/* End PBXFileReference section */

/* Begin PBXFrameworksBuildPhase section */
		4C63007D25EB3B060054AFE7 /* Frameworks */ = {
			isa = PBXFrameworksBuildPhase;
			buildActionMask = 2147483647;
			files = (
				4C12C45625FABCAC009F6486 /* CloudKit.framework in Frameworks */,
			);
			runOnlyForDeploymentPostprocessing = 0;
		};
/* End PBXFrameworksBuildPhase section */

/* Begin PBXGroup section */
		4C12C45425FABCAC009F6486 /* Frameworks */ = {
			isa = PBXGroup;
			children = (
				4C12C45525FABCAC009F6486 /* CloudKit.framework */,
			);
			name = Frameworks;
			sourceTree = "<group>";
		};
		4C3B480925EC0C2D001D2098 /* Managers */ = {
			isa = PBXGroup;
			children = (
				4C85409A25EDF3DF0022B3AA /* ModalManager.swift */,
				4C3F326C25FBEAAA007720DF /* CloudKitManager.swift */,
			);
			path = Managers;
			sourceTree = "<group>";
		};
		4C63007725EB3B060054AFE7 = {
			isa = PBXGroup;
			children = (
				4C63008225EB3B060054AFE7 /* FoodManChu */,
				4C63008125EB3B060054AFE7 /* Products */,
				4C12C45425FABCAC009F6486 /* Frameworks */,
			);
			sourceTree = "<group>";
		};
		4C63008125EB3B060054AFE7 /* Products */ = {
			isa = PBXGroup;
			children = (
				4C63008025EB3B060054AFE7 /* FoodManChu.app */,
			);
			name = Products;
			sourceTree = "<group>";
		};
		4C63008225EB3B060054AFE7 /* FoodManChu */ = {
			isa = PBXGroup;
			children = (
				4C12C45225FABC96009F6486 /* FoodManChu.entitlements */,
				4C63008325EB3B060054AFE7 /* FoodManChuApp.swift */,
				4C63009625EB49590054AFE7 /* Fonts */,
				4C717AF925F5C4F600657207 /* Extensions */,
				4C3B480925EC0C2D001D2098 /* Managers */,
				4CCEA4D725ECA75200490553 /* ComponentViews */,
				4C6300AB25EB50830054AFE7 /* MainViews */,
				4CD174EF25F2D087009751C0 /* CoreData */,
				4C6300AD25EB50940054AFE7 /* TestViews */,
				4C63008725EB3B060054AFE7 /* Assets.xcassets */,
				4C63008C25EB3B060054AFE7 /* Info.plist */,
				4C63008925EB3B060054AFE7 /* Preview Content */,
			);
			path = FoodManChu;
			sourceTree = "<group>";
		};
		4C63008925EB3B060054AFE7 /* Preview Content */ = {
			isa = PBXGroup;
			children = (
				4C63008A25EB3B060054AFE7 /* Preview Assets.xcassets */,
			);
			path = "Preview Content";
			sourceTree = "<group>";
		};
		4C63009625EB49590054AFE7 /* Fonts */ = {
			isa = PBXGroup;
			children = (
				4C70CCA225FFFA0D00D28150 /* BalooTamma */,
				4C70CC8B25FFF46000D28150 /* Comforta */,
				4C70CC8A25FFF45100D28150 /* TypoRound */,
			);
			path = Fonts;
			sourceTree = "<group>";
		};
		4C6300AB25EB50830054AFE7 /* MainViews */ = {
			isa = PBXGroup;
			children = (
				4C3B481025EC1003001D2098 /* RootView.swift */,
				4CCEA4DF25ECBD8700490553 /* CategoriesView.swift */,
				4C63009325EB46E40054AFE7 /* RecipeView.swift */,
				4CCEA4DA25ECB00D00490553 /* RecipeDetailView.swift */,
				4C29968025F18BD80000E5EE /* AddEditRecipeView.swift */,
				4C1DE30D25F850AB00A179AC /* ExistingIngredientView.swift */,
				4CD174E125F2A7B3009751C0 /* RecipesBookView.swift */,
				4CAD685C25F9CFA30063E3DF /* Discover.swift */,
				4CAD685F25F9DA160063E3DF /* DiscoverMoreView.swift */,
			);
			path = MainViews;
			sourceTree = "<group>";
		};
		4C6300AD25EB50940054AFE7 /* TestViews */ = {
			isa = PBXGroup;
			children = (
				4CD174E525F2ADE0009751C0 /* Contacts.swift */,
				4CCEA4CE25EC960500490553 /* NavigationBarWithExpandingSearchBar.swift */,
				4C79B7E325EF379F0074B424 /* CustomNavBarWithSearch.swift */,
				4C3B480125EBFC69001D2098 /* DisclosureGroup.swift */,
				4C6300AE25EB50B50054AFE7 /* FloatingTabBar.swift */,
				4C6300B825EB67240054AFE7 /* SlideOutMenu */,
				4C85407025ED78B60022B3AA /* PopOverButton.swift */,
				4C79B7E025EF21850074B424 /* NavBarWithSearchBar.swift */,
				4C14167525F09FC700512635 /* CategoryPickerView.swift */,
				4C62E59D25FD915B00D58DCF /* TestDiscovery.swift */,
				4C70CCA426000B1200D28150 /* DetailViewTest.swift */,
			);
			path = TestViews;
			sourceTree = "<group>";
		};
		4C6300B825EB67240054AFE7 /* SlideOutMenu */ = {
			isa = PBXGroup;
			children = (
				4C3B480C25EC0CE6001D2098 /* MenuButton.swift */,
				4C6300B125EB65130054AFE7 /* MenuContent.swift */,
				4C6300B525EB671A0054AFE7 /* Menu.swift */,
			);
			path = SlideOutMenu;
			sourceTree = "<group>";
		};
		4C70CC8A25FFF45100D28150 /* TypoRound */ = {
			isa = PBXGroup;
			children = (
				4C63009D25EB49620054AFE7 /* Typo_Round_Bold_Demo.otf */,
				4C63009E25EB49620054AFE7 /* Typo_Round_Bold_Italic_Demo.otf */,
				4C63009725EB49620054AFE7 /* Typo_Round_Italic_Demo.otf */,
				4C63009C25EB49620054AFE7 /* Typo_Round_Light_Demo.otf */,
				4C63009925EB49620054AFE7 /* Typo_Round_Light_Italic_Demo.otf */,
				4C63009825EB49620054AFE7 /* Typo_Round_Regular_Demo.otf */,
				4C63009A25EB49620054AFE7 /* Typo_Round_Thin_Demo.otf */,
				4C63009B25EB49620054AFE7 /* Typo_Round_Thin_Italic Demo.otf */,
			);
			path = TypoRound;
			sourceTree = "<group>";
		};
		4C70CC8B25FFF46000D28150 /* Comforta */ = {
			isa = PBXGroup;
			children = (
				4C70CC8E25FFF47800D28150 /* Comfortaa-Bold.ttf */,
				4C70CC8C25FFF47800D28150 /* Comfortaa-Light.ttf */,
				4C70CC8D25FFF47800D28150 /* Comfortaa-Medium.ttf */,
				4C70CC8F25FFF47800D28150 /* Comfortaa-Regular.ttf */,
				4C70CC9025FFF47800D28150 /* Comfortaa-SemiBold.ttf */,
			);
			path = Comforta;
			sourceTree = "<group>";
		};
		4C70CCA225FFFA0D00D28150 /* BalooTamma */ = {
			isa = PBXGroup;
			children = (
				4C70CC9925FFFA0600D28150 /* BalooTamma2-Bold.ttf */,
				4C70CC9A25FFFA0600D28150 /* BalooTamma2-ExtraBold.ttf */,
				4C70CC9825FFFA0600D28150 /* BalooTamma2-Medium.ttf */,
				4C70CC9725FFFA0600D28150 /* BalooTamma2-Regular.ttf */,
				4C70CC9B25FFFA0600D28150 /* BalooTamma2-SemiBold.ttf */,
			);
			path = BalooTamma;
			sourceTree = "<group>";
		};
		4C717AF925F5C4F600657207 /* Extensions */ = {
			isa = PBXGroup;
			children = (
				4C717AFA25F5C51800657207 /* UINavigationController.swift */,
			);
			path = Extensions;
			sourceTree = "<group>";
		};
		4CCEA4D725ECA75200490553 /* ComponentViews */ = {
			isa = PBXGroup;
			children = (
				4CCEA4CB25EC811200490553 /* SearchBar.swift */,
				4C85407425ED806A0022B3AA /* HoveringButtonWithMenu.swift */,
				4C85409725ED9FC10022B3AA /* CustomModalView.swift */,
				4C79B7DD25EEDB1C0074B424 /* CustomSegmentedControl.swift */,
			);
			path = ComponentViews;
			sourceTree = "<group>";
		};
		4CD174EF25F2D087009751C0 /* CoreData */ = {
			isa = PBXGroup;
			children = (
				4CD174EB25F2D07D009751C0 /* Main.xcdatamodeld */,
				4CD174F025F2D193009751C0 /* PersistenceController.swift */,
			);
			path = CoreData;
			sourceTree = "<group>";
		};
/* End PBXGroup section */

/* Begin PBXNativeTarget section */
		4C63007F25EB3B060054AFE7 /* FoodManChu */ = {
			isa = PBXNativeTarget;
			buildConfigurationList = 4C63008F25EB3B060054AFE7 /* Build configuration list for PBXNativeTarget "FoodManChu" */;
			buildPhases = (
				4C63007C25EB3B060054AFE7 /* Sources */,
				4C63007D25EB3B060054AFE7 /* Frameworks */,
				4C63007E25EB3B060054AFE7 /* Resources */,
			);
			buildRules = (
			);
			dependencies = (
			);
			name = FoodManChu;
			productName = FoodManChu;
			productReference = 4C63008025EB3B060054AFE7 /* FoodManChu.app */;
			productType = "com.apple.product-type.application";
		};
/* End PBXNativeTarget section */

/* Begin PBXProject section */
		4C63007825EB3B060054AFE7 /* Project object */ = {
			isa = PBXProject;
			attributes = {
				LastSwiftUpdateCheck = 1240;
				LastUpgradeCheck = 1240;
				TargetAttributes = {
					4C63007F25EB3B060054AFE7 = {
						CreatedOnToolsVersion = 12.4;
					};
				};
			};
			buildConfigurationList = 4C63007B25EB3B060054AFE7 /* Build configuration list for PBXProject "FoodManChu" */;
			compatibilityVersion = "Xcode 9.3";
			developmentRegion = en;
			hasScannedForEncodings = 0;
			knownRegions = (
				en,
				Base,
			);
			mainGroup = 4C63007725EB3B060054AFE7;
			productRefGroup = 4C63008125EB3B060054AFE7 /* Products */;
			projectDirPath = "";
			projectRoot = "";
			targets = (
				4C63007F25EB3B060054AFE7 /* FoodManChu */,
			);
		};
/* End PBXProject section */

/* Begin PBXResourcesBuildPhase section */
		4C63007E25EB3B060054AFE7 /* Resources */ = {
			isa = PBXResourcesBuildPhase;
			buildActionMask = 2147483647;
			files = (
				4C70CC9D25FFFA0600D28150 /* BalooTamma2-Medium.ttf in Resources */,
				4C6300A225EB49620054AFE7 /* Typo_Round_Thin_Demo.otf in Resources */,
				4C70CC9C25FFFA0600D28150 /* BalooTamma2-Regular.ttf in Resources */,
				4C6300A125EB49620054AFE7 /* Typo_Round_Light_Italic_Demo.otf in Resources */,
				4C63008B25EB3B060054AFE7 /* Preview Assets.xcassets in Resources */,
				4C70CC9325FFF47800D28150 /* Comfortaa-Bold.ttf in Resources */,
				4C6300A525EB49620054AFE7 /* Typo_Round_Bold_Demo.otf in Resources */,
				4C70CC9525FFF47800D28150 /* Comfortaa-SemiBold.ttf in Resources */,
				4C6300A625EB49620054AFE7 /* Typo_Round_Bold_Italic_Demo.otf in Resources */,
				4C6300A325EB49620054AFE7 /* Typo_Round_Thin_Italic Demo.otf in Resources */,
				4C63009F25EB49620054AFE7 /* Typo_Round_Italic_Demo.otf in Resources */,
				4C6300A025EB49620054AFE7 /* Typo_Round_Regular_Demo.otf in Resources */,
				4C6300A425EB49620054AFE7 /* Typo_Round_Light_Demo.otf in Resources */,
				4C70CC9F25FFFA0600D28150 /* BalooTamma2-ExtraBold.ttf in Resources */,
				4C70CC9E25FFFA0600D28150 /* BalooTamma2-Bold.ttf in Resources */,
				4C70CC9425FFF47800D28150 /* Comfortaa-Regular.ttf in Resources */,
				4C63008825EB3B060054AFE7 /* Assets.xcassets in Resources */,
				4C70CC9225FFF47800D28150 /* Comfortaa-Medium.ttf in Resources */,
				4C70CC9125FFF47800D28150 /* Comfortaa-Light.ttf in Resources */,
				4C70CCA025FFFA0600D28150 /* BalooTamma2-SemiBold.ttf in Resources */,
			);
			runOnlyForDeploymentPostprocessing = 0;
		};
/* End PBXResourcesBuildPhase section */

/* Begin PBXSourcesBuildPhase section */
		4C63007C25EB3B060054AFE7 /* Sources */ = {
			isa = PBXSourcesBuildPhase;
			buildActionMask = 2147483647;
			files = (
				4CCEA4CF25EC960500490553 /* NavigationBarWithExpandingSearchBar.swift in Sources */,
				4C79B7DE25EEDB1C0074B424 /* CustomSegmentedControl.swift in Sources */,
				4C79B7E425EF379F0074B424 /* CustomNavBarWithSearch.swift in Sources */,
				4CCEA4DB25ECB00D00490553 /* RecipeDetailView.swift in Sources */,
				4CD174ED25F2D07D009751C0 /* Main.xcdatamodeld in Sources */,
				4C3B481125EC1003001D2098 /* RootView.swift in Sources */,
				4C1DE30E25F850AB00A179AC /* ExistingIngredientView.swift in Sources */,
				4C85409825ED9FC10022B3AA /* CustomModalView.swift in Sources */,
				4CD174E225F2A7B3009751C0 /* RecipesBookView.swift in Sources */,
				4C3B480D25EC0CE6001D2098 /* MenuButton.swift in Sources */,
				4CD174E625F2ADE0009751C0 /* Contacts.swift in Sources */,
				4CCEA4E025ECBD8700490553 /* CategoriesView.swift in Sources */,
				4CAD686025F9DA160063E3DF /* DiscoverMoreView.swift in Sources */,
				4C85407525ED806A0022B3AA /* HoveringButtonWithMenu.swift in Sources */,
				4C3F326D25FBEAAA007720DF /* CloudKitManager.swift in Sources */,
				4C62E59E25FD915B00D58DCF /* TestDiscovery.swift in Sources */,
				4C79B7E125EF21850074B424 /* NavBarWithSearchBar.swift in Sources */,
				4C14167625F09FC700512635 /* CategoryPickerView.swift in Sources */,
				4C63009425EB46E40054AFE7 /* RecipeView.swift in Sources */,
				4C6300B625EB671A0054AFE7 /* Menu.swift in Sources */,
				4C85409B25EDF3DF0022B3AA /* ModalManager.swift in Sources */,
				4C6300B225EB65130054AFE7 /* MenuContent.swift in Sources */,
				4C3B480225EBFC69001D2098 /* DisclosureGroup.swift in Sources */,
				4CAD685D25F9CFA30063E3DF /* Discover.swift in Sources */,
				4C717AFB25F5C51800657207 /* UINavigationController.swift in Sources */,
				4C29968125F18BD80000E5EE /* AddEditRecipeView.swift in Sources */,
				4C85407125ED78B60022B3AA /* PopOverButton.swift in Sources */,
				4C6300AF25EB50B50054AFE7 /* FloatingTabBar.swift in Sources */,
				4CD174F125F2D193009751C0 /* PersistenceController.swift in Sources */,
				4C70CCA526000B1200D28150 /* DetailViewTest.swift in Sources */,
				4CCEA4CC25EC811200490553 /* SearchBar.swift in Sources */,
				4C63008425EB3B060054AFE7 /* FoodManChuApp.swift in Sources */,
			);
			runOnlyForDeploymentPostprocessing = 0;
		};
/* End PBXSourcesBuildPhase section */

/* Begin XCBuildConfiguration section */
		4C63008D25EB3B060054AFE7 /* Debug */ = {
			isa = XCBuildConfiguration;
			buildSettings = {
				ALWAYS_SEARCH_USER_PATHS = NO;
				CLANG_ANALYZER_NONNULL = YES;
				CLANG_ANALYZER_NUMBER_OBJECT_CONVERSION = YES_AGGRESSIVE;
				CLANG_CXX_LANGUAGE_STANDARD = "gnu++14";
				CLANG_CXX_LIBRARY = "libc++";
				CLANG_ENABLE_MODULES = YES;
				CLANG_ENABLE_OBJC_ARC = YES;
				CLANG_ENABLE_OBJC_WEAK = YES;
				CLANG_WARN_BLOCK_CAPTURE_AUTORELEASING = YES;
				CLANG_WARN_BOOL_CONVERSION = YES;
				CLANG_WARN_COMMA = YES;
				CLANG_WARN_CONSTANT_CONVERSION = YES;
				CLANG_WARN_DEPRECATED_OBJC_IMPLEMENTATIONS = YES;
				CLANG_WARN_DIRECT_OBJC_ISA_USAGE = YES_ERROR;
				CLANG_WARN_DOCUMENTATION_COMMENTS = YES;
				CLANG_WARN_EMPTY_BODY = YES;
				CLANG_WARN_ENUM_CONVERSION = YES;
				CLANG_WARN_INFINITE_RECURSION = YES;
				CLANG_WARN_INT_CONVERSION = YES;
				CLANG_WARN_NON_LITERAL_NULL_CONVERSION = YES;
				CLANG_WARN_OBJC_IMPLICIT_RETAIN_SELF = YES;
				CLANG_WARN_OBJC_LITERAL_CONVERSION = YES;
				CLANG_WARN_OBJC_ROOT_CLASS = YES_ERROR;
				CLANG_WARN_QUOTED_INCLUDE_IN_FRAMEWORK_HEADER = YES;
				CLANG_WARN_RANGE_LOOP_ANALYSIS = YES;
				CLANG_WARN_STRICT_PROTOTYPES = YES;
				CLANG_WARN_SUSPICIOUS_MOVE = YES;
				CLANG_WARN_UNGUARDED_AVAILABILITY = YES_AGGRESSIVE;
				CLANG_WARN_UNREACHABLE_CODE = YES;
				CLANG_WARN__DUPLICATE_METHOD_MATCH = YES;
				COPY_PHASE_STRIP = NO;
				DEBUG_INFORMATION_FORMAT = dwarf;
				ENABLE_STRICT_OBJC_MSGSEND = YES;
				ENABLE_TESTABILITY = YES;
				GCC_C_LANGUAGE_STANDARD = gnu11;
				GCC_DYNAMIC_NO_PIC = NO;
				GCC_NO_COMMON_BLOCKS = YES;
				GCC_OPTIMIZATION_LEVEL = 0;
				GCC_PREPROCESSOR_DEFINITIONS = (
					"DEBUG=1",
					"$(inherited)",
				);
				GCC_WARN_64_TO_32_BIT_CONVERSION = YES;
				GCC_WARN_ABOUT_RETURN_TYPE = YES_ERROR;
				GCC_WARN_UNDECLARED_SELECTOR = YES;
				GCC_WARN_UNINITIALIZED_AUTOS = YES_AGGRESSIVE;
				GCC_WARN_UNUSED_FUNCTION = YES;
				GCC_WARN_UNUSED_VARIABLE = YES;
				IPHONEOS_DEPLOYMENT_TARGET = 14.4;
				MTL_ENABLE_DEBUG_INFO = INCLUDE_SOURCE;
				MTL_FAST_MATH = YES;
				ONLY_ACTIVE_ARCH = YES;
				SDKROOT = iphoneos;
				SWIFT_ACTIVE_COMPILATION_CONDITIONS = DEBUG;
				SWIFT_OPTIMIZATION_LEVEL = "-Onone";
			};
			name = Debug;
		};
		4C63008E25EB3B060054AFE7 /* Release */ = {
			isa = XCBuildConfiguration;
			buildSettings = {
				ALWAYS_SEARCH_USER_PATHS = NO;
				CLANG_ANALYZER_NONNULL = YES;
				CLANG_ANALYZER_NUMBER_OBJECT_CONVERSION = YES_AGGRESSIVE;
				CLANG_CXX_LANGUAGE_STANDARD = "gnu++14";
				CLANG_CXX_LIBRARY = "libc++";
				CLANG_ENABLE_MODULES = YES;
				CLANG_ENABLE_OBJC_ARC = YES;
				CLANG_ENABLE_OBJC_WEAK = YES;
				CLANG_WARN_BLOCK_CAPTURE_AUTORELEASING = YES;
				CLANG_WARN_BOOL_CONVERSION = YES;
				CLANG_WARN_COMMA = YES;
				CLANG_WARN_CONSTANT_CONVERSION = YES;
				CLANG_WARN_DEPRECATED_OBJC_IMPLEMENTATIONS = YES;
				CLANG_WARN_DIRECT_OBJC_ISA_USAGE = YES_ERROR;
				CLANG_WARN_DOCUMENTATION_COMMENTS = YES;
				CLANG_WARN_EMPTY_BODY = YES;
				CLANG_WARN_ENUM_CONVERSION = YES;
				CLANG_WARN_INFINITE_RECURSION = YES;
				CLANG_WARN_INT_CONVERSION = YES;
				CLANG_WARN_NON_LITERAL_NULL_CONVERSION = YES;
				CLANG_WARN_OBJC_IMPLICIT_RETAIN_SELF = YES;
				CLANG_WARN_OBJC_LITERAL_CONVERSION = YES;
				CLANG_WARN_OBJC_ROOT_CLASS = YES_ERROR;
				CLANG_WARN_QUOTED_INCLUDE_IN_FRAMEWORK_HEADER = YES;
				CLANG_WARN_RANGE_LOOP_ANALYSIS = YES;
				CLANG_WARN_STRICT_PROTOTYPES = YES;
				CLANG_WARN_SUSPICIOUS_MOVE = YES;
				CLANG_WARN_UNGUARDED_AVAILABILITY = YES_AGGRESSIVE;
				CLANG_WARN_UNREACHABLE_CODE = YES;
				CLANG_WARN__DUPLICATE_METHOD_MATCH = YES;
				COPY_PHASE_STRIP = NO;
				DEBUG_INFORMATION_FORMAT = "dwarf-with-dsym";
				ENABLE_NS_ASSERTIONS = NO;
				ENABLE_STRICT_OBJC_MSGSEND = YES;
				GCC_C_LANGUAGE_STANDARD = gnu11;
				GCC_NO_COMMON_BLOCKS = YES;
				GCC_WARN_64_TO_32_BIT_CONVERSION = YES;
				GCC_WARN_ABOUT_RETURN_TYPE = YES_ERROR;
				GCC_WARN_UNDECLARED_SELECTOR = YES;
				GCC_WARN_UNINITIALIZED_AUTOS = YES_AGGRESSIVE;
				GCC_WARN_UNUSED_FUNCTION = YES;
				GCC_WARN_UNUSED_VARIABLE = YES;
				IPHONEOS_DEPLOYMENT_TARGET = 14.4;
				MTL_ENABLE_DEBUG_INFO = NO;
				MTL_FAST_MATH = YES;
				SDKROOT = iphoneos;
				SWIFT_COMPILATION_MODE = wholemodule;
				SWIFT_OPTIMIZATION_LEVEL = "-O";
				VALIDATE_PRODUCT = YES;
			};
			name = Release;
		};
		4C63009025EB3B060054AFE7 /* Debug */ = {
			isa = XCBuildConfiguration;
			buildSettings = {
				ASSETCATALOG_COMPILER_APPICON_NAME = AppIcon;
				ASSETCATALOG_COMPILER_GLOBAL_ACCENT_COLOR_NAME = AccentColor;
				CODE_SIGN_ENTITLEMENTS = FoodManChu/FoodManChu.entitlements;
				CODE_SIGN_STYLE = Automatic;
				DEVELOPMENT_ASSET_PATHS = "\"FoodManChu/Preview Content\"";
				DEVELOPMENT_TEAM = YNSMJAS38V;
				ENABLE_PREVIEWS = YES;
				INFOPLIST_FILE = FoodManChu/Info.plist;
				IPHONEOS_DEPLOYMENT_TARGET = 14.0;
				LD_RUNPATH_SEARCH_PATHS = (
					"$(inherited)",
					"@executable_path/Frameworks",
				);
				PRODUCT_BUNDLE_IDENTIFIER = com.williamyeung.FoodManChu;
				PRODUCT_NAME = "$(TARGET_NAME)";
				SWIFT_VERSION = 5.0;
				TARGETED_DEVICE_FAMILY = "1,2";
			};
			name = Debug;
		};
		4C63009125EB3B060054AFE7 /* Release */ = {
			isa = XCBuildConfiguration;
			buildSettings = {
				ASSETCATALOG_COMPILER_APPICON_NAME = AppIcon;
				ASSETCATALOG_COMPILER_GLOBAL_ACCENT_COLOR_NAME = AccentColor;
				CODE_SIGN_ENTITLEMENTS = FoodManChu/FoodManChu.entitlements;
				CODE_SIGN_STYLE = Automatic;
				DEVELOPMENT_ASSET_PATHS = "\"FoodManChu/Preview Content\"";
				DEVELOPMENT_TEAM = YNSMJAS38V;
				ENABLE_PREVIEWS = YES;
				INFOPLIST_FILE = FoodManChu/Info.plist;
				IPHONEOS_DEPLOYMENT_TARGET = 14.0;
				LD_RUNPATH_SEARCH_PATHS = (
					"$(inherited)",
					"@executable_path/Frameworks",
				);
				PRODUCT_BUNDLE_IDENTIFIER = com.williamyeung.FoodManChu;
				PRODUCT_NAME = "$(TARGET_NAME)";
				SWIFT_VERSION = 5.0;
				TARGETED_DEVICE_FAMILY = "1,2";
			};
			name = Release;
		};
/* End XCBuildConfiguration section */

/* Begin XCConfigurationList section */
		4C63007B25EB3B060054AFE7 /* Build configuration list for PBXProject "FoodManChu" */ = {
			isa = XCConfigurationList;
			buildConfigurations = (
				4C63008D25EB3B060054AFE7 /* Debug */,
				4C63008E25EB3B060054AFE7 /* Release */,
			);
			defaultConfigurationIsVisible = 0;
			defaultConfigurationName = Release;
		};
		4C63008F25EB3B060054AFE7 /* Build configuration list for PBXNativeTarget "FoodManChu" */ = {
			isa = XCConfigurationList;
			buildConfigurations = (
				4C63009025EB3B060054AFE7 /* Debug */,
				4C63009125EB3B060054AFE7 /* Release */,
			);
			defaultConfigurationIsVisible = 0;
			defaultConfigurationName = Release;
		};
/* End XCConfigurationList section */

/* Begin XCVersionGroup section */
		4CD174EB25F2D07D009751C0 /* Main.xcdatamodeld */ = {
			isa = XCVersionGroup;
			children = (
				4CD174EC25F2D07D009751C0 /* Main.xcdatamodel */,
			);
			currentVersion = 4CD174EC25F2D07D009751C0 /* Main.xcdatamodel */;
			path = Main.xcdatamodeld;
			sourceTree = "<group>";
			versionGroupType = wrapper.xcdatamodel;
		};
/* End XCVersionGroup section */
	};
	rootObject = 4C63007825EB3B060054AFE7 /* Project object */;
}
